
Microsoft Visual Studio Solution File, Format Version 12.00
# Visual Studio Version 16
VisualStudioVersion = 16.0.37027.11
MinimumVisualStudioVersion = 10.0.40219.1
Project("{FAE04EC0-301F-11D3-BF4B-00C04F79EFBC}") = "Bai01", "Bai01\Bai01.csproj", "{68B2ABDC-9FDD-4F79-8D1D-3D4EFC32B86D}"
EndProject
Project("{FAE04EC0-301F-11D3-BF4B-00C04F79EFBC}") = "Bai02", "Bai02\Bai02.csproj", "{F8A2C4AD-1F3B-451F-8E2E-4C701DFEF214}"
EndProject
Project("{FAE04EC0-301F-11D3-BF4B-00C04F79EFBC}") = "Bai03", "Bai03\Bai03.csproj", "{ED720AEE-E0B6-483C-BB98-22E8BFBF4C6A}"
EndProject
Project("{FAE04EC0-301F-11D3-BF4B-00C04F79EFBC}") = "Bai04", "Bai04\Bai04.csproj", "{DB3EE88A-4083-4953-B1E9-0F4FCE6B8F0C}"
EndProject
Project("{FAE04EC0-301F-11D3-BF4B-00C04F79EFBC}") = "Bai05", "Bai05\Bai05.csproj", "{6E853CC7-FEBD-4ABF-A62F-C2B4DA256D04}"
EndProject
Project("{FAE04EC0-301F-11D3-BF4B-00C04F79EFBC}") = "Bai06", "Bai06\Bai06.csproj", "{F3932DFB-D449-4ADA-A587-8F16AFA8B86F}"
EndProject
Project("{FAE04EC0-301F-11D3-BF4B-00C04F79EFBC}") = "Bai07", "Bai07\Bai07.csproj", "{CB7CA5C0-9971-476B-9C2F-25530F8CFE84}"
EndProject
Project("{FAE04EC0-301F-11D3-BF4B-00C04F79EFBC}") = "Bai08", "Bai08\Bai08.csproj", "{1F784462-7707-4B73-A8EF-67E001F8042D}"
EndProject
Project("{FAE04EC0-301F-11D3-BF4B-00C04F79EFBC}") = "Bai09", "Bai09\Bai09.csproj", "{C6F2E5E7-8913-443A-A5D4-FF73C0A08376}"
EndProject
Project("{FAE04EC0-301F-11D3-BF4B-00C04F79EFBC}") = "Bai10", "Bai10\Bai10.csproj", "{22BDC5D2-FD36-43A8-B1D9-FC55D8BD7CA8}"
EndProject
Project("{FAE04EC0-301F-11D3-BF4B-00C04F79EFBC}") = "Bai11", "Bai11\Bai11.csproj", "{79E312ED-B077-4AFB-B176-577FEAA886B9}"
EndProject
Project("{FAE04EC0-301F-11D3-BF4B-00C04F79EFBC}") = "Bai12", "Bai12\Bai12.csproj", "{3D72E606-820B-4197-B591-EEDA0F6564BE}"
EndProject
Project("{FAE04EC0-301F-11D3-BF4B-00C04F79EFBC}") = "Bai13", "Bai13\Bai13.csproj", "{5AAE32E7-ED57-4E55-ADA0-C4B9AAE6B507}"
EndProject
Project("{FAE04EC0-301F-11D3-BF4B-00C04F79EFBC}") = "Bai14", "Bai14\Bai14.csproj", "{556AE4F9-E171-4D5D-928B-2D7B92371FDC}"
EndProject
Project("{FAE04EC0-301F-11D3-BF4B-00C04F79EFBC}") = "Bai15", "Bai15\Bai15.csproj", "{6106F41E-C943-4883-9732-814B0309125C}"
EndProject
Project("{FAE04EC0-301F-11D3-BF4B-00C04F79EFBC}") = "Bai16", "Bai16\Bai16.csproj", "{04655E16-94D0-43B2-B345-0134A191D36A}"
EndProject
Project("{FAE04EC0-301F-11D3-BF4B-00C04F79EFBC}") = "Bai18", "Bai18\Bai18.csproj", "{86E9C085-61F9-4988-AFD4-F89402DA8169}"
EndProject
Project("{FAE04EC0-301F-11D3-BF4B-00C04F79EFBC}") = "Bai17", "Bai17\Bai17.csproj", "{4D1EA388-6163-4D58-A900-56008F14E365}"
EndProject
Global
	GlobalSection(SolutionConfigurationPlatforms) = preSolution
		Debug|Any CPU = Debug|Any CPU
		Release|Any CPU = Release|Any CPU
	EndGlobalSection
	GlobalSection(ProjectConfigurationPlatforms) = postSolution
		{68B2ABDC-9FDD-4F79-8D1D-3D4EFC32B86D}.Debug|Any CPU.ActiveCfg = Debug|Any CPU
		{68B2ABDC-9FDD-4F79-8D1D-3D4EFC32B86D}.Debug|Any CPU.Build.0 = Debug|Any CPU
		{68B2ABDC-9FDD-4F79-8D1D-3D4EFC32B86D}.Release|Any CPU.ActiveCfg = Release|Any CPU
		{68B2ABDC-9FDD-4F79-8D1D-3D4EFC32B86D}.Release|Any CPU.Build.0 = Release|Any CPU
		{F8A2C4AD-1F3B-451F-8E2E-4C701DFEF214}.Debug|Any CPU.ActiveCfg = Debug|Any CPU
		{F8A2C4AD-1F3B-451F-8E2E-4C701DFEF214}.Debug|Any CPU.Build.0 = Debug|Any CPU
		{F8A2C4AD-1F3B-451F-8E2E-4C701DFEF214}.Release|Any CPU.ActiveCfg = Release|Any CPU
		{F8A2C4AD-1F3B-451F-8E2E-4C701DFEF214}.Release|Any CPU.Build.0 = Release|Any CPU
		{ED720AEE-E0B6-483C-BB98-22E8BFBF4C6A}.Debug|Any CPU.ActiveCfg = Debug|Any CPU
		{ED720AEE-E0B6-483C-BB98-22E8BFBF4C6A}.Debug|Any CPU.Build.0 = Debug|Any CPU
		{ED720AEE-E0B6-483C-BB98-22E8BFBF4C6A}.Release|Any CPU.ActiveCfg = Release|Any CPU
		{ED720AEE-E0B6-483C-BB98-22E8BFBF4C6A}.Release|Any CPU.Build.0 = Release|Any CPU
		{DB3EE88A-4083-4953-B1E9-0F4FCE6B8F0C}.Debug|Any CPU.ActiveCfg = Debug|Any CPU
		{DB3EE88A-4083-4953-B1E9-0F4FCE6B8F0C}.Debug|Any CPU.Build.0 = Debug|Any CPU
		{DB3EE88A-4083-4953-B1E9-0F4FCE6B8F0C}.Release|Any CPU.ActiveCfg = Release|Any CPU
		{DB3EE88A-4083-4953-B1E9-0F4FCE6B8F0C}.Release|Any CPU.Build.0 = Release|Any CPU
		{6E853CC7-FEBD-4ABF-A62F-C2B4DA256D04}.Debug|Any CPU.ActiveCfg = Debug|Any CPU
		{6E853CC7-FEBD-4ABF-A62F-C2B4DA256D04}.Debug|Any CPU.Build.0 = Debug|Any CPU
		{6E853CC7-FEBD-4ABF-A62F-C2B4DA256D04}.Release|Any CPU.ActiveCfg = Release|Any CPU
		{6E853CC7-FEBD-4ABF-A62F-C2B4DA256D04}.Release|Any CPU.Build.0 = Release|Any CPU
		{F3932DFB-D449-4ADA-A587-8F16AFA8B86F}.Debug|Any CPU.ActiveCfg = Debug|Any CPU
		{F3932DFB-D449-4ADA-A587-8F16AFA8B86F}.Debug|Any CPU.Build.0 = Debug|Any CPU
		{F3932DFB-D449-4ADA-A587-8F16AFA8B86F}.Release|Any CPU.ActiveCfg = Release|Any CPU
		{F3932DFB-D449-4ADA-A587-8F16AFA8B86F}.Release|Any CPU.Build.0 = Release|Any CPU
		{CB7CA5C0-9971-476B-9C2F-25530F8CFE84}.Debug|Any CPU.ActiveCfg = Debug|Any CPU
		{CB7CA5C0-9971-476B-9C2F-25530F8CFE84}.Debug|Any CPU.Build.0 = Debug|Any CPU
		{CB7CA5C0-9971-476B-9C2F-25530F8CFE84}.Release|Any CPU.ActiveCfg = Release|Any CPU
		{CB7CA5C0-9971-476B-9C2F-25530F8CFE84}.Release|Any CPU.Build.0 = Release|Any CPU
		{1F784462-7707-4B73-A8EF-67E001F8042D}.Debug|Any CPU.ActiveCfg = Debug|Any CPU
		{1F784462-7707-4B73-A8EF-67E001F8042D}.Debug|Any CPU.Build.0 = Debug|Any CPU
		{1F784462-7707-4B73-A8EF-67E001F8042D}.Release|Any CPU.ActiveCfg = Release|Any CPU
		{1F784462-7707-4B73-A8EF-67E001F8042D}.Release|Any CPU.Build.0 = Release|Any CPU
		{C6F2E5E7-8913-443A-A5D4-FF73C0A08376}.Debug|Any CPU.ActiveCfg = Debug|Any CPU
		{C6F2E5E7-8913-443A-A5D4-FF73C0A08376}.Debug|Any CPU.Build.0 = Debug|Any CPU
		{C6F2E5E7-8913-443A-A5D4-FF73C0A08376}.Release|Any CPU.ActiveCfg = Release|Any CPU
		{C6F2E5E7-8913-443A-A5D4-FF73C0A08376}.Release|Any CPU.Build.0 = Release|Any CPU
		{22BDC5D2-FD36-43A8-B1D9-FC55D8BD7CA8}.Debug|Any CPU.ActiveCfg = Debug|Any CPU
		{22BDC5D2-FD36-43A8-B1D9-FC55D8BD7CA8}.Debug|Any CPU.Build.0 = Debug|Any CPU
		{22BDC5D2-FD36-43A8-B1D9-FC55D8BD7CA8}.Release|Any CPU.ActiveCfg = Release|Any CPU
		{22BDC5D2-FD36-43A8-B1D9-FC55D8BD7CA8}.Release|Any CPU.Build.0 = Release|Any CPU
		{79E312ED-B077-4AFB-B176-577FEAA886B9}.Debug|Any CPU.ActiveCfg = Debug|Any CPU
		{79E312ED-B077-4AFB-B176-577FEAA886B9}.Debug|Any CPU.Build.0 = Debug|Any CPU
		{79E312ED-B077-4AFB-B176-577FEAA886B9}.Release|Any CPU.ActiveCfg = Release|Any CPU
		{79E312ED-B077-4AFB-B176-577FEAA886B9}.Release|Any CPU.Build.0 = Release|Any CPU
		{3D72E606-820B-4197-B591-EEDA0F6564BE}.Debug|Any CPU.ActiveCfg = Debug|Any CPU
		{3D72E606-820B-4197-B591-EEDA0F6564BE}.Debug|Any CPU.Build.0 = Debug|Any CPU
		{3D72E606-820B-4197-B591-EEDA0F6564BE}.Release|Any CPU.ActiveCfg = Release|Any CPU
		{3D72E606-820B-4197-B591-EEDA0F6564BE}.Release|Any CPU.Build.0 = Release|Any CPU
		{5AAE32E7-ED57-4E55-ADA0-C4B9AAE6B507}.Debug|Any CPU.ActiveCfg = Debug|Any CPU
		{5AAE32E7-ED57-4E55-ADA0-C4B9AAE6B507}.Debug|Any CPU.Build.0 = Debug|Any CPU
		{5AAE32E7-ED57-4E55-ADA0-C4B9AAE6B507}.Release|Any CPU.ActiveCfg = Release|Any CPU
		{5AAE32E7-ED57-4E55-ADA0-C4B9AAE6B507}.Release|Any CPU.Build.0 = Release|Any CPU
		{556AE4F9-E171-4D5D-928B-2D7B92371FDC}.Debug|Any CPU.ActiveCfg = Debug|Any CPU
		{556AE4F9-E171-4D5D-928B-2D7B92371FDC}.Debug|Any CPU.Build.0 = Debug|Any CPU
		{556AE4F9-E171-4D5D-928B-2D7B92371FDC}.Release|Any CPU.ActiveCfg = Release|Any CPU
		{556AE4F9-E171-4D5D-928B-2D7B92371FDC}.Release|Any CPU.Build.0 = Release|Any CPU
		{6106F41E-C943-4883-9732-814B0309125C}.Debug|Any CPU.ActiveCfg = Debug|Any CPU
		{6106F41E-C943-4883-9732-814B0309125C}.Debug|Any CPU.Build.0 = Debug|Any CPU
		{6106F41E-C943-4883-9732-814B0309125C}.Release|Any CPU.ActiveCfg = Release|Any CPU
		{6106F41E-C943-4883-9732-814B0309125C}.Release|Any CPU.Build.0 = Release|Any CPU
		{04655E16-94D0-43B2-B345-0134A191D36A}.Debug|Any CPU.ActiveCfg = Debug|Any CPU
		{04655E16-94D0-43B2-B345-0134A191D36A}.Debug|Any CPU.Build.0 = Debug|Any CPU
		{04655E16-94D0-43B2-B345-0134A191D36A}.Release|Any CPU.ActiveCfg = Release|Any CPU
		{04655E16-94D0-43B2-B345-0134A191D36A}.Release|Any CPU.Build.0 = Release|Any CPU
		{86E9C085-61F9-4988-AFD4-F89402DA8169}.Debug|Any CPU.ActiveCfg = Debug|Any CPU
		{86E9C085-61F9-4988-AFD4-F89402DA8169}.Debug|Any CPU.Build.0 = Debug|Any CPU
		{86E9C085-61F9-4988-AFD4-F89402DA8169}.Release|Any CPU.ActiveCfg = Release|Any CPU
		{86E9C085-61F9-4988-AFD4-F89402DA8169}.Release|Any CPU.Build.0 = Release|Any CPU
		{4D1EA388-6163-4D58-A900-56008F14E365}.Debug|Any CPU.ActiveCfg = Debug|Any CPU
		{4D1EA388-6163-4D58-A900-56008F14E365}.Debug|Any CPU.Build.0 = Debug|Any CPU
		{4D1EA388-6163-4D58-A900-56008F14E365}.Release|Any CPU.ActiveCfg = Release|Any CPU
		{4D1EA388-6163-4D58-A900-56008F14E365}.Release|Any CPU.Build.0 = Release|Any CPU
	EndGlobalSection
	GlobalSection(SolutionProperties) = preSolution
		HideSolutionNode = FALSE
	EndGlobalSection
	GlobalSection(ExtensibilityGlobals) = postSolution
		SolutionGuid = {D857C0AF-F4CC-420E-BD5E-E519064542DA}
	EndGlobalSection
EndGlobal
